
Microsoft Visual Studio Solution File, Format Version 12.00
# Visual Studio Version 17
VisualStudioVersion = 17.0.31903.59
MinimumVisualStudioVersion = 10.0.40219.1
Project("{FAE04EC0-301F-11D3-BF4B-00C04F79EFBC}") = "Anar", "Anar\Anar.csproj", "{923A164A-BFB6-4982-B201-7FE46ECED256}"
EndProject
Project("{FAE04EC0-301F-11D3-BF4B-00C04F79EFBC}") = "Anar.Tests", "Anar.Tests\Anar.Tests.csproj", "{461FF7E3-0FC0-467E-9CFD-E182C73C3DD1}"
EndProject
Global
	GlobalSection(SolutionConfigurationPlatforms) = preSolution
		Debug|Any CPU = Debug|Any CPU
		Release|Any CPU = Release|Any CPU
	EndGlobalSection
	GlobalSection(SolutionProperties) = preSolution
		HideSolutionNode = FALSE
	EndGlobalSection
	GlobalSection(ProjectConfigurationPlatforms) = postSolution
		{923A164A-BFB6-4982-B201-7FE46ECED256}.Debug|Any CPU.ActiveCfg = Debug|Any CPU
		{923A164A-BFB6-4982-B201-7FE46ECED256}.Debug|Any CPU.Build.0 = Debug|Any CPU
		{923A164A-BFB6-4982-B201-7FE46ECED256}.Release|Any CPU.ActiveCfg = Release|Any CPU
		{923A164A-BFB6-4982-B201-7FE46ECED256}.Release|Any CPU.Build.0 = Release|Any CPU
		{461FF7E3-0FC0-467E-9CFD-E182C73C3DD1}.Debug|Any CPU.ActiveCfg = Debug|Any CPU
		{461FF7E3-0FC0-467E-9CFD-E182C73C3DD1}.Debug|Any CPU.Build.0 = Debug|Any CPU
		{461FF7E3-0FC0-467E-9CFD-E182C73C3DD1}.Release|Any CPU.ActiveCfg = Release|Any CPU
		{461FF7E3-0FC0-467E-9CFD-E182C73C3DD1}.Release|Any CPU.Build.0 = Release|Any CPU
	EndGlobalSection
EndGlobal
